
Microsoft Visual Studio Solution File, Format Version 12.00
# Visual Studio 15
VisualStudioVersion = 15.0.27130.2010
MinimumVisualStudioVersion = 10.0.40219.1
Project("{888888A0-9F3D-457C-B088-3A5042F75D52}") = "test2", "test2\test2.pyproj", "{30824968-8E58-4C1B-8850-EFD65F88C87C}"
EndProject
Global
	GlobalSection(SolutionConfigurationPlatforms) = preSolution
		Debug|Any CPU = Debug|Any CPU
		Release|Any CPU = Release|Any CPU
	EndGlobalSection
	GlobalSection(ProjectConfigurationPlatforms) = postSolution
		{30824968-8E58-4C1B-8850-EFD65F88C87C}.Debug|Any CPU.ActiveCfg = Debug|Any CPU
		{30824968-8E58-4C1B-8850-EFD65F88C87C}.Release|Any CPU.ActiveCfg = Release|Any CPU
	EndGlobalSection
	GlobalSection(SolutionProperties) = preSolution
		HideSolutionNode = FALSE
	EndGlobalSection
	GlobalSection(ExtensibilityGlobals) = postSolution
		SolutionGuid = {B94A6769-9C39-4CD2-9C8A-816762DF13F0}
	EndGlobalSection
EndGlobal
